// !$*UTF8*$!
{
	archiveVersion = 1;
	classes = {
	};
	objectVersion = 48;
	objects = {

/* Begin PBXBuildFile section */
		477D807A1F2DCBB7005C2469 /* AppDelegate.swift in Sources */ = {isa = PBXBuildFile; fileRef = 477D80791F2DCBB7005C2469 /* AppDelegate.swift */; };
		477D807C1F2DCBB7005C2469 /* ViewController.swift in Sources */ = {isa = PBXBuildFile; fileRef = 477D807B1F2DCBB7005C2469 /* ViewController.swift */; };
		477D807F1F2DCBB7005C2469 /* Main.storyboard in Resources */ = {isa = PBXBuildFile; fileRef = 477D807D1F2DCBB7005C2469 /* Main.storyboard */; };
		477D80821F2DCBB7005C2469 /* NewApp.xcdatamodeld in Sources */ = {isa = PBXBuildFile; fileRef = 477D80801F2DCBB7005C2469 /* NewApp.xcdatamodeld */; };
		477D80841F2DCBB7005C2469 /* Assets.xcassets in Resources */ = {isa = PBXBuildFile; fileRef = 477D80831F2DCBB7005C2469 /* Assets.xcassets */; };
		477D80871F2DCBB7005C2469 /* LaunchScreen.storyboard in Resources */ = {isa = PBXBuildFile; fileRef = 477D80851F2DCBB7005C2469 /* LaunchScreen.storyboard */; };
/* End PBXBuildFile section */

/* Begin PBXFileReference section */
		477D80761F2DCBB7005C2469 /* NewApp.app */ = {isa = PBXFileReference; explicitFileType = wrapper.application; includeInIndex = 0; path = NewApp.app; sourceTree = BUILT_PRODUCTS_DIR; };
		477D80791F2DCBB7005C2469 /* AppDelegate.swift */ = {isa = PBXFileReference; lastKnownFileType = sourcecode.swift; path = AppDelegate.swift; sourceTree = "<group>"; };
		477D807B1F2DCBB7005C2469 /* ViewController.swift */ = {isa = PBXFileReference; lastKnownFileType = sourcecode.swift; path = ViewController.swift; sourceTree = "<group>"; };
		477D807E1F2DCBB7005C2469 /* Base */ = {isa = PBXFileReference; lastKnownFileType = file.storyboard; name = Base; path = Base.lproj/Main.storyboard; sourceTree = "<group>"; };
		477D80811F2DCBB7005C2469 /* NewApp.xcdatamodel */ = {isa = PBXFileReference; lastKnownFileType = wrapper.xcdatamodel; path = NewApp.xcdatamodel; sourceTree = "<group>"; };
		477D80831F2DCBB7005C2469 /* Assets.xcassets */ = {isa = PBXFileReference; lastKnownFileType = folder.assetcatalog; path = Assets.xcassets; sourceTree = "<group>"; };
		477D80861F2DCBB7005C2469 /* Base */ = {isa = PBXFileReference; lastKnownFileType = file.storyboard; name = Base; path = Base.lproj/LaunchScreen.storyboard; sourceTree = "<group>"; };
		477D80881F2DCBB7005C2469 /* Info.plist */ = {isa = PBXFileReference; lastKnownFileType = text.plist.xml; path = Info.plist; sourceTree = "<group>"; };
/* End PBXFileReference section */

/* Begin PBXFrameworksBuildPhase section */
		477D80731F2DCBB7005C2469 /* Frameworks */ = {
			isa = PBXFrameworksBuildPhase;
			buildActionMask = 2147483647;
			files = (
			);
			runOnlyForDeploymentPostprocessing = 0;
		};
/* End PBXFrameworksBuildPhase section */

/* Begin PBXGroup section */
		477D806D1F2DCBB6005C2469 = {
			isa = PBXGroup;
			children = (
				477D80781F2DCBB7005C2469 /* NewApp */,
				477D80771F2DCBB7005C2469 /* Products */,
			);
			sourceTree = "<group>";
		};
		477D80771F2DCBB7005C2469 /* Products */ = {
			isa = PBXGroup;
			children = (
				477D80761F2DCBB7005C2469 /* NewApp.app */,
			);
			name = Products;
			sourceTree = "<group>";
		};
		477D80781F2DCBB7005C2469 /* NewApp */ = {
			isa = PBXGroup;
			children = (
				477D80791F2DCBB7005C2469 /* AppDelegate.swift */,
				477D807B1F2DCBB7005C2469 /* ViewController.swift */,
				477D807D1F2DCBB7005C2469 /* Main.storyboard */,
				477D80831F2DCBB7005C2469 /* Assets.xcassets */,
				477D80851F2DCBB7005C2469 /* LaunchScreen.storyboard */,
				477D80881F2DCBB7005C2469 /* Info.plist */,
				477D80801F2DCBB7005C2469 /* NewApp.xcdatamodeld */,
			);
			path = NewApp;
			sourceTree = "<group>";
		};
/* End PBXGroup section */

/* Begin PBXNativeTarget section */
		477D80751F2DCBB7005C2469 /* NewApp */ = {
			isa = PBXNativeTarget;
			buildConfigurationList = 477D808B1F2DCBB7005C2469 /* Build configuration list for PBXNativeTarget "NewApp" */;
			buildPhases = (
				477D80721F2DCBB7005C2469 /* Sources */,
				477D80731F2DCBB7005C2469 /* Frameworks */,
				477D80741F2DCBB7005C2469 /* Resources */,
			);
			buildRules = (
			);
			dependencies = (
			);
			name = NewApp;
			productName = NewApp;
			productReference = 477D80761F2DCBB7005C2469 /* NewApp.app */;
			productType = "com.apple.product-type.application";
		};
/* End PBXNativeTarget section */

/* Begin PBXProject section */
		477D806E1F2DCBB6005C2469 /* Project object */ = {
			isa = PBXProject;
			attributes = {
				LastSwiftUpdateCheck = 0900;
				LastUpgradeCheck = 0900;
				ORGANIZATIONNAME = "Alberto Martinez";
				TargetAttributes = {
					477D80751F2DCBB7005C2469 = {
						CreatedOnToolsVersion = 9.0;
					};
				};
			};
			buildConfigurationList = 477D80711F2DCBB6005C2469 /* Build configuration list for PBXProject "NewApp" */;
			compatibilityVersion = "Xcode 8.0";
			developmentRegion = en;
			hasScannedForEncodings = 0;
			knownRegions = (
				en,
				Base,
			);
			mainGroup = 477D806D1F2DCBB6005C2469;
			productRefGroup = 477D80771F2DCBB7005C2469 /* Products */;
			projectDirPath = "";
			projectRoot = "";
			targets = (
				477D80751F2DCBB7005C2469 /* NewApp */,
			);
		};
/* End PBXProject section */

/* Begin PBXResourcesBuildPhase section */
		477D80741F2DCBB7005C2469 /* Resources */ = {
			isa = PBXResourcesBuildPhase;
			buildActionMask = 2147483647;
			files = (
				477D80871F2DCBB7005C2469 /* LaunchScreen.storyboard in Resources */,
				477D80841F2DCBB7005C2469 /* Assets.xcassets in Resources */,
				477D807F1F2DCBB7005C2469 /* Main.storyboard in Resources */,
			);
			runOnlyForDeploymentPostprocessing = 0;
		};
/* End PBXResourcesBuildPhase section */

/* Begin PBXSourcesBuildPhase section */
		477D80721F2DCBB7005C2469 /* Sources */ = {
			isa = PBXSourcesBuildPhase;
			buildActionMask = 2147483647;
			files = (
				477D80821F2DCBB7005C2469 /* NewApp.xcdatamodeld in Sources */,
				477D807C1F2DCBB7005C2469 /* ViewController.swift in Sources */,
				477D807A1F2DCBB7005C2469 /* AppDelegate.swift in Sources */,
			);
			runOnlyForDeploymentPostprocessing = 0;
		};
/* End PBXSourcesBuildPhase section */

/* Begin PBXVariantGroup section */
		477D807D1F2DCBB7005C2469 /* Main.storyboard */ = {
			isa = PBXVariantGroup;
			children = (
				477D807E1F2DCBB7005C2469 /* Base */,
			);
			name = Main.storyboard;
			sourceTree = "<group>";
		};
		477D80851F2DCBB7005C2469 /* LaunchScreen.storyboard */ = {
			isa = PBXVariantGroup;
			children = (
				477D80861F2DCBB7005C2469 /* Base */,
			);
			name = LaunchScreen.storyboard;
			sourceTree = "<group>";
		};
/* End PBXVariantGroup section */

/* Begin XCBuildConfiguration section */
		477D80891F2DCBB7005C2469 /* Debug */ = {
			isa = XCBuildConfiguration;
			buildSettings = {
				ALWAYS_SEARCH_USER_PATHS = NO;
				CLANG_ANALYZER_NONNULL = YES;
				CLANG_ANALYZER_NUMBER_OBJECT_CONVERSION = YES_AGGRESSIVE;
				CLANG_CXX_LANGUAGE_STANDARD = "gnu++14";
				CLANG_CXX_LIBRARY = "libc++";
				CLANG_ENABLE_MODULES = YES;
				CLANG_ENABLE_OBJC_ARC = YES;
				CLANG_WARN_BLOCK_CAPTURE_AUTORELEASING = YES;
				CLANG_WARN_BOOL_CONVERSION = YES;
				CLANG_WARN_COMMA = YES;
				CLANG_WARN_CONSTANT_CONVERSION = YES;
				CLANG_WARN_DIRECT_OBJC_ISA_USAGE = YES_ERROR;
				CLANG_WARN_DOCUMENTATION_COMMENTS = YES;
				CLANG_WARN_EMPTY_BODY = YES;
				CLANG_WARN_ENUM_CONVERSION = YES;
				CLANG_WARN_INFINITE_RECURSION = YES;
				CLANG_WARN_INT_CONVERSION = YES;
				CLANG_WARN_NON_LITERAL_NULL_CONVERSION = YES;
				CLANG_WARN_OBJC_LITERAL_CONVERSION = YES;
				CLANG_WARN_OBJC_ROOT_CLASS = YES_ERROR;
				CLANG_WARN_RANGE_LOOP_ANALYSIS = YES;
				CLANG_WARN_STRICT_PROTOTYPES = YES;
				CLANG_WARN_SUSPICIOUS_MOVE = YES;
				CLANG_WARN_UNGUARDED_AVAILABILITY = YES_AGGRESSIVE;
				CLANG_WARN_UNREACHABLE_CODE = YES;
				CLANG_WARN__DUPLICATE_METHOD_MATCH = YES;
				CODE_SIGN_IDENTITY = "iPhone Developer";
				COPY_PHASE_STRIP = NO;
				DEBUG_INFORMATION_FORMAT = dwarf;
				ENABLE_STRICT_OBJC_MSGSEND = YES;
				ENABLE_TESTABILITY = YES;
				GCC_C_LANGUAGE_STANDARD = gnu11;
				GCC_DYNAMIC_NO_PIC = NO;
				GCC_NO_COMMON_BLOCKS = YES;
				GCC_OPTIMIZATION_LEVEL = 0;
				GCC_PREPROCESSOR_DEFINITIONS = (
					"DEBUG=1",
					"$(inherited)",
				);
				GCC_WARN_64_TO_32_BIT_CONVERSION = YES;
				GCC_WARN_ABOUT_RETURN_TYPE = YES_ERROR;
				GCC_WARN_UNDECLARED_SELECTOR = YES;
				GCC_WARN_UNINITIALIZED_AUTOS = YES_AGGRESSIVE;
				GCC_WARN_UNUSED_FUNCTION = YES;
				GCC_WARN_UNUSED_VARIABLE = YES;
				IPHONEOS_DEPLOYMENT_TARGET = 11.0;
				MTL_ENABLE_DEBUG_INFO = YES;
				ONLY_ACTIVE_ARCH = YES;
				SDKROOT = iphoneos;
				SWIFT_ACTIVE_COMPILATION_CONDITIONS = DEBUG;
				SWIFT_OPTIMIZATION_LEVEL = "-Onone";
			};
			name = Debug;
		};
		477D808A1F2DCBB7005C2469 /* Release */ = {
			isa = XCBuildConfiguration;
			buildSettings = {
				ALWAYS_SEARCH_USER_PATHS = NO;
				CLANG_ANALYZER_NONNULL = YES;
				CLANG_ANALYZER_NUMBER_OBJECT_CONVERSION = YES_AGGRESSIVE;
				CLANG_CXX_LANGUAGE_STANDARD = "gnu++14";
				CLANG_CXX_LIBRARY = "libc++";
				CLANG_ENABLE_MODULES = YES;
				CLANG_ENABLE_OBJC_ARC = YES;
				CLANG_WARN_BLOCK_CAPTURE_AUTORELEASING = YES;
				CLANG_WARN_BOOL_CONVERSION = YES;
				CLANG_WARN_COMMA = YES;
				CLANG_WARN_CONSTANT_CONVERSION = YES;
				CLANG_WARN_DIRECT_OBJC_ISA_USAGE = YES_ERROR;
				CLANG_WARN_DOCUMENTATION_COMMENTS = YES;
				CLANG_WARN_EMPTY_BODY = YES;
				CLANG_WARN_ENUM_CONVERSION = YES;
				CLANG_WARN_INFINITE_RECURSION = YES;
				CLANG_WARN_INT_CONVERSION = YES;
				CLANG_WARN_NON_LITERAL_NULL_CONVERSION = YES;
				CLANG_WARN_OBJC_LITERAL_CONVERSION = YES;
				CLANG_WARN_OBJC_ROOT_CLASS = YES_ERROR;
				CLANG_WARN_RANGE_LOOP_ANALYSIS = YES;
				CLANG_WARN_STRICT_PROTOTYPES = YES;
				CLANG_WARN_SUSPICIOUS_MOVE = YES;
				CLANG_WARN_UNGUARDED_AVAILABILITY = YES_AGGRESSIVE;
				CLANG_WARN_UNREACHABLE_CODE = YES;
				CLANG_WARN__DUPLICATE_METHOD_MATCH = YES;
				CODE_SIGN_IDENTITY = "iPhone Developer";
				COPY_PHASE_STRIP = NO;
				DEBUG_INFORMATION_FORMAT = "dwarf-with-dsym";
				ENABLE_NS_ASSERTIONS = NO;
				ENABLE_STRICT_OBJC_MSGSEND = YES;
				GCC_C_LANGUAGE_STANDARD = gnu11;
				GCC_NO_COMMON_BLOCKS = YES;
				GCC_WARN_64_TO_32_BIT_CONVERSION = YES;
				GCC_WARN_ABOUT_RETURN_TYPE = YES_ERROR;
				GCC_WARN_UNDECLARED_SELECTOR = YES;
				GCC_WARN_UNINITIALIZED_AUTOS = YES_AGGRESSIVE;
				GCC_WARN_UNUSED_FUNCTION = YES;
				GCC_WARN_UNUSED_VARIABLE = YES;
				IPHONEOS_DEPLOYMENT_TARGET = 11.0;
				MTL_ENABLE_DEBUG_INFO = NO;
				SDKROOT = iphoneos;
				SWIFT_OPTIMIZATION_LEVEL = "-Owholemodule";
				VALIDATE_PRODUCT = YES;
			};
			name = Release;
		};
		477D808C1F2DCBB7005C2469 /* Debug */ = {
			isa = XCBuildConfiguration;
			buildSettings = {
				ASSETCATALOG_COMPILER_APPICON_NAME = AppIcon;
				DEVELOPMENT_TEAM = 52NPXR8MZ9;
				INFOPLIST_FILE = NewApp/Info.plist;
				LD_RUNPATH_SEARCH_PATHS = "$(inherited) @executable_path/Frameworks";
				PRODUCT_BUNDLE_IDENTIFIER = "marti168-unlv.nevada.edu.NewApp";
				PRODUCT_NAME = "$(TARGET_NAME)";
				SWIFT_VERSION = 4.0;
				TARGETED_DEVICE_FAMILY = "1,2";
			};
			name = Debug;
		};
		477D808D1F2DCBB7005C2469 /* Release */ = {
			isa = XCBuildConfiguration;
			buildSettings = {
				ASSETCATALOG_COMPILER_APPICON_NAME = AppIcon;
				DEVELOPMENT_TEAM = 52NPXR8MZ9;
				INFOPLIST_FILE = NewApp/Info.plist;
				LD_RUNPATH_SEARCH_PATHS = "$(inherited) @executable_path/Frameworks";
				PRODUCT_BUNDLE_IDENTIFIER = "marti168-unlv.nevada.edu.NewApp";
				PRODUCT_NAME = "$(TARGET_NAME)";
				SWIFT_VERSION = 4.0;
				TARGETED_DEVICE_FAMILY = "1,2";
			};
			name = Release;
		};
/* End XCBuildConfiguration section */

/* Begin XCConfigurationList section */
		477D80711F2DCBB6005C2469 /* Build configuration list for PBXProject "NewApp" */ = {
			isa = XCConfigurationList;
			buildConfigurations = (
				477D80891F2DCBB7005C2469 /* Debug */,
				477D808A1F2DCBB7005C2469 /* Release */,
			);
			defaultConfigurationIsVisible = 0;
			defaultConfigurationName = Release;
		};
		477D808B1F2DCBB7005C2469 /* Build configuration list for PBXNativeTarget "NewApp" */ = {
			isa = XCConfigurationList;
			buildConfigurations = (
				477D808C1F2DCBB7005C2469 /* Debug */,
				477D808D1F2DCBB7005C2469 /* Release */,
			);
			defaultConfigurationIsVisible = 0;
		};
/* End XCConfigurationList section */

/* Begin XCVersionGroup section */
		477D80801F2DCBB7005C2469 /* NewApp.xcdatamodeld */ = {
			isa = XCVersionGroup;
			children = (
				477D80811F2DCBB7005C2469 /* NewApp.xcdatamodel */,
			);
			currentVersion = 477D80811F2DCBB7005C2469 /* NewApp.xcdatamodel */;
			path = NewApp.xcdatamodeld;
			sourceTree = "<group>";
			versionGroupType = wrapper.xcdatamodel;
		};
/* End XCVersionGroup section */
	};
	rootObject = 477D806E1F2DCBB6005C2469 /* Project object */;
}
